
Microsoft Visual Studio Solution File, Format Version 12.00
# Visual Studio Version 17
VisualStudioVersion = 17.14.36127.28 d17.14
MinimumVisualStudioVersion = 10.0.40219.1
Project("{FAE04EC0-301F-11D3-BF4B-00C04F79EFBC}") = "Todo", "Todo.csproj", "{77E387FB-D932-4B54-8D61-3B8DFF173CE5}"
EndProject
Global
	GlobalSection(SolutionConfigurationPlatforms) = preSolution
		Debug|Any CPU = Debug|Any CPU
		Release|Any CPU = Release|Any CPU
	EndGlobalSection
	GlobalSection(ProjectConfigurationPlatforms) = postSolution
		{77E387FB-D932-4B54-8D61-3B8DFF173CE5}.Debug|Any CPU.ActiveCfg = Debug|Any CPU
		{77E387FB-D932-4B54-8D61-3B8DFF173CE5}.Debug|Any CPU.Build.0 = Debug|Any CPU
		{77E387FB-D932-4B54-8D61-3B8DFF173CE5}.Release|Any CPU.ActiveCfg = Release|Any CPU
		{77E387FB-D932-4B54-8D61-3B8DFF173CE5}.Release|Any CPU.Build.0 = Release|Any CPU
	EndGlobalSection
	GlobalSection(SolutionProperties) = preSolution
		HideSolutionNode = FALSE
	EndGlobalSection
	GlobalSection(ExtensibilityGlobals) = postSolution
		SolutionGuid = {BBFB77BE-5DEE-407D-AF80-625E2DD83C5B}
	EndGlobalSection
EndGlobal
